
Microsoft Visual Studio Solution File, Format Version 12.00
# Visual Studio Version 16
VisualStudioVersion = 16.0.30114.105
MinimumVisualStudioVersion = 10.0.40219.1
Project("{FAE04EC0-301F-11D3-BF4B-00C04F79EFBC}") = "BidddingHandler", "BidddingHandler\BidddingHandler.csproj", "{44254724-33AF-4074-B5E6-82A7521300A0}"
EndProject
Project("{FAE04EC0-301F-11D3-BF4B-00C04F79EFBC}") = "biddinghandlertests", "biddinghandlertests\biddinghandlertests.csproj", "{59E0EE21-BF50-41B5-8FB5-466C14731189}"
EndProject
Global
	GlobalSection(SolutionConfigurationPlatforms) = preSolution
		Debug|Any CPU = Debug|Any CPU
		Release|Any CPU = Release|Any CPU
	EndGlobalSection
	GlobalSection(SolutionProperties) = preSolution
		HideSolutionNode = FALSE
	EndGlobalSection
	GlobalSection(ProjectConfigurationPlatforms) = postSolution
		{44254724-33AF-4074-B5E6-82A7521300A0}.Debug|Any CPU.ActiveCfg = Debug|Any CPU
		{44254724-33AF-4074-B5E6-82A7521300A0}.Debug|Any CPU.Build.0 = Debug|Any CPU
		{44254724-33AF-4074-B5E6-82A7521300A0}.Release|Any CPU.ActiveCfg = Release|Any CPU
		{44254724-33AF-4074-B5E6-82A7521300A0}.Release|Any CPU.Build.0 = Release|Any CPU
		{59E0EE21-BF50-41B5-8FB5-466C14731189}.Debug|Any CPU.ActiveCfg = Debug|Any CPU
		{59E0EE21-BF50-41B5-8FB5-466C14731189}.Debug|Any CPU.Build.0 = Debug|Any CPU
		{59E0EE21-BF50-41B5-8FB5-466C14731189}.Release|Any CPU.ActiveCfg = Release|Any CPU
		{59E0EE21-BF50-41B5-8FB5-466C14731189}.Release|Any CPU.Build.0 = Release|Any CPU
	EndGlobalSection
EndGlobal
