
Microsoft Visual Studio Solution File, Format Version 12.00
# Visual Studio Version 16
VisualStudioVersion = 16.0.30114.105
MinimumVisualStudioVersion = 10.0.40219.1
Project("{FAE04EC0-301F-11D3-BF4B-00C04F79EFBC}") = "mongo-service-test", "mongo-service-test\mongo-service-test.csproj", "{1B5CFC29-C273-4629-A317-0DAED2B4219C}"
EndProject
Project("{FAE04EC0-301F-11D3-BF4B-00C04F79EFBC}") = "mongo-service", "mongo-service\mongo-service.csproj", "{660BA1D5-67F1-4FCD-8173-14D603629DF0}"
EndProject
Global
	GlobalSection(SolutionConfigurationPlatforms) = preSolution
		Debug|Any CPU = Debug|Any CPU
		Release|Any CPU = Release|Any CPU
	EndGlobalSection
	GlobalSection(SolutionProperties) = preSolution
		HideSolutionNode = FALSE
	EndGlobalSection
	GlobalSection(ProjectConfigurationPlatforms) = postSolution
		{1B5CFC29-C273-4629-A317-0DAED2B4219C}.Debug|Any CPU.ActiveCfg = Debug|Any CPU
		{1B5CFC29-C273-4629-A317-0DAED2B4219C}.Debug|Any CPU.Build.0 = Debug|Any CPU
		{1B5CFC29-C273-4629-A317-0DAED2B4219C}.Release|Any CPU.ActiveCfg = Release|Any CPU
		{1B5CFC29-C273-4629-A317-0DAED2B4219C}.Release|Any CPU.Build.0 = Release|Any CPU
		{660BA1D5-67F1-4FCD-8173-14D603629DF0}.Debug|Any CPU.ActiveCfg = Debug|Any CPU
		{660BA1D5-67F1-4FCD-8173-14D603629DF0}.Debug|Any CPU.Build.0 = Debug|Any CPU
		{660BA1D5-67F1-4FCD-8173-14D603629DF0}.Release|Any CPU.ActiveCfg = Release|Any CPU
		{660BA1D5-67F1-4FCD-8173-14D603629DF0}.Release|Any CPU.Build.0 = Release|Any CPU
	EndGlobalSection
EndGlobal
