
Microsoft Visual Studio Solution File, Format Version 12.00
# Visual Studio Version 16
VisualStudioVersion = 16.0.30114.105
MinimumVisualStudioVersion = 10.0.40219.1
Project("{FAE04EC0-301F-11D3-BF4B-00C04F79EFBC}") = "customer-service", "customer-service\customer-service.csproj", "{8B42C1A4-350C-478E-B84E-16F345CB2E84}"
EndProject
Project("{FAE04EC0-301F-11D3-BF4B-00C04F79EFBC}") = "customer-service-test", "customer-service-test\customer-service-test.csproj", "{53B40E67-542A-4A50-9165-8BF0CBB1F9E3}"
EndProject
Global
	GlobalSection(SolutionConfigurationPlatforms) = preSolution
		Debug|Any CPU = Debug|Any CPU
		Release|Any CPU = Release|Any CPU
	EndGlobalSection
	GlobalSection(SolutionProperties) = preSolution
		HideSolutionNode = FALSE
	EndGlobalSection
	GlobalSection(ProjectConfigurationPlatforms) = postSolution
		{8B42C1A4-350C-478E-B84E-16F345CB2E84}.Debug|Any CPU.ActiveCfg = Debug|Any CPU
		{8B42C1A4-350C-478E-B84E-16F345CB2E84}.Debug|Any CPU.Build.0 = Debug|Any CPU
		{8B42C1A4-350C-478E-B84E-16F345CB2E84}.Release|Any CPU.ActiveCfg = Release|Any CPU
		{8B42C1A4-350C-478E-B84E-16F345CB2E84}.Release|Any CPU.Build.0 = Release|Any CPU
		{53B40E67-542A-4A50-9165-8BF0CBB1F9E3}.Debug|Any CPU.ActiveCfg = Debug|Any CPU
		{53B40E67-542A-4A50-9165-8BF0CBB1F9E3}.Debug|Any CPU.Build.0 = Debug|Any CPU
		{53B40E67-542A-4A50-9165-8BF0CBB1F9E3}.Release|Any CPU.ActiveCfg = Release|Any CPU
		{53B40E67-542A-4A50-9165-8BF0CBB1F9E3}.Release|Any CPU.Build.0 = Release|Any CPU
	EndGlobalSection
EndGlobal
